
Microsoft Visual Studio Solution File, Format Version 12.00
# Visual Studio Version 17
VisualStudioVersion = 17.11.35208.52
MinimumVisualStudioVersion = 10.0.40219.1
Project("{FAE04EC0-301F-11D3-BF4B-00C04F79EFBC}") = "ProtonMailBridge.UI.Tests", "ProtonMailBridge.UI.Tests.csproj", "{027E5266-E353-4095-AF24-B3ED240EACAA}"
EndProject
Global
	GlobalSection(SolutionConfigurationPlatforms) = preSolution
		Debug|Any CPU = Debug|Any CPU
		Debug|x64 = Debug|x64
		Release|Any CPU = Release|Any CPU
		Release|x64 = Release|x64
	EndGlobalSection
	GlobalSection(ProjectConfigurationPlatforms) = postSolution
		{027E5266-E353-4095-AF24-B3ED240EACAA}.Debug|Any CPU.ActiveCfg = Debug|Any CPU
		{027E5266-E353-4095-AF24-B3ED240EACAA}.Debug|Any CPU.Build.0 = Debug|Any CPU
		{027E5266-E353-4095-AF24-B3ED240EACAA}.Debug|x64.ActiveCfg = Debug|x64
		{027E5266-E353-4095-AF24-B3ED240EACAA}.Debug|x64.Build.0 = Debug|x64
		{027E5266-E353-4095-AF24-B3ED240EACAA}.Release|Any CPU.ActiveCfg = Release|Any CPU
		{027E5266-E353-4095-AF24-B3ED240EACAA}.Release|Any CPU.Build.0 = Release|Any CPU
		{027E5266-E353-4095-AF24-B3ED240EACAA}.Release|x64.ActiveCfg = Release|x64
		{027E5266-E353-4095-AF24-B3ED240EACAA}.Release|x64.Build.0 = Release|x64
	EndGlobalSection
	GlobalSection(SolutionProperties) = preSolution
		HideSolutionNode = FALSE
	EndGlobalSection
	GlobalSection(ExtensibilityGlobals) = postSolution
		SolutionGuid = {817DD45A-EA2C-4F16-A680-5810DADCE4E7}
	EndGlobalSection
EndGlobal
